// !$*UTF8*$!
{
	archiveVersion = 1;
	classes = {
	};
	objectVersion = 50;
	objects = {

/* Begin PBXBuildFile section */
		905C047F270978F900690E84 /* DataModel.xcdatamodeld in Sources */ = {isa = PBXBuildFile; fileRef = 905C047D270978F900690E84 /* DataModel.xcdatamodeld */; };
		905C04812709793D00690E84 /* PersistenceController.swift in Sources */ = {isa = PBXBuildFile; fileRef = 905C04802709793D00690E84 /* PersistenceController.swift */; };
		905C048427097A2100690E84 /* GlobalConfiguration.swift in Sources */ = {isa = PBXBuildFile; fileRef = 905C048327097A2100690E84 /* GlobalConfiguration.swift */; };
		905C048627097FD700690E84 /* NavBarView.swift in Sources */ = {isa = PBXBuildFile; fileRef = 905C048527097FD700690E84 /* NavBarView.swift */; };
		905C04892709A31500690E84 /* QuoteView.swift in Sources */ = {isa = PBXBuildFile; fileRef = 905C04882709A31500690E84 /* QuoteView.swift */; };
		905C048D2709A35300690E84 /* QuoteNavBarView.swift in Sources */ = {isa = PBXBuildFile; fileRef = 905C048C2709A35300690E84 /* QuoteNavBarView.swift */; };
		90E4E34126FDC32E000B21E1 /* Kopi_PagiApp.swift in Sources */ = {isa = PBXBuildFile; fileRef = 90E4E34026FDC32E000B21E1 /* Kopi_PagiApp.swift */; };
		90E4E34326FDC32E000B21E1 /* ContentView.swift in Sources */ = {isa = PBXBuildFile; fileRef = 90E4E34226FDC32E000B21E1 /* ContentView.swift */; };
		90E4E34526FDC32F000B21E1 /* Assets.xcassets in Resources */ = {isa = PBXBuildFile; fileRef = 90E4E34426FDC32F000B21E1 /* Assets.xcassets */; };
		90E4E34826FDC32F000B21E1 /* Preview Assets.xcassets in Resources */ = {isa = PBXBuildFile; fileRef = 90E4E34726FDC32F000B21E1 /* Preview Assets.xcassets */; };
		90E69A782705142700FEF567 /* TabBarView.swift in Sources */ = {isa = PBXBuildFile; fileRef = 90E69A772705142700FEF567 /* TabBarView.swift */; };
/* End PBXBuildFile section */

/* Begin PBXFileReference section */
		905C047E270978F900690E84 /* DataModel.xcdatamodel */ = {isa = PBXFileReference; lastKnownFileType = wrapper.xcdatamodel; path = DataModel.xcdatamodel; sourceTree = "<group>"; };
		905C04802709793D00690E84 /* PersistenceController.swift */ = {isa = PBXFileReference; lastKnownFileType = sourcecode.swift; path = PersistenceController.swift; sourceTree = "<group>"; };
		905C048327097A2100690E84 /* GlobalConfiguration.swift */ = {isa = PBXFileReference; lastKnownFileType = sourcecode.swift; path = GlobalConfiguration.swift; sourceTree = "<group>"; };
		905C048527097FD700690E84 /* NavBarView.swift */ = {isa = PBXFileReference; lastKnownFileType = sourcecode.swift; path = NavBarView.swift; sourceTree = "<group>"; };
		905C04882709A31500690E84 /* QuoteView.swift */ = {isa = PBXFileReference; lastKnownFileType = sourcecode.swift; path = QuoteView.swift; sourceTree = "<group>"; };
		905C048C2709A35300690E84 /* QuoteNavBarView.swift */ = {isa = PBXFileReference; lastKnownFileType = sourcecode.swift; path = QuoteNavBarView.swift; sourceTree = "<group>"; };
		90E4E33D26FDC32E000B21E1 /* Kopi Pagi.app */ = {isa = PBXFileReference; explicitFileType = wrapper.application; includeInIndex = 0; path = "Kopi Pagi.app"; sourceTree = BUILT_PRODUCTS_DIR; };
		90E4E34026FDC32E000B21E1 /* Kopi_PagiApp.swift */ = {isa = PBXFileReference; lastKnownFileType = sourcecode.swift; path = Kopi_PagiApp.swift; sourceTree = "<group>"; };
		90E4E34226FDC32E000B21E1 /* ContentView.swift */ = {isa = PBXFileReference; lastKnownFileType = sourcecode.swift; path = ContentView.swift; sourceTree = "<group>"; };
		90E4E34426FDC32F000B21E1 /* Assets.xcassets */ = {isa = PBXFileReference; lastKnownFileType = folder.assetcatalog; path = Assets.xcassets; sourceTree = "<group>"; };
		90E4E34726FDC32F000B21E1 /* Preview Assets.xcassets */ = {isa = PBXFileReference; lastKnownFileType = folder.assetcatalog; path = "Preview Assets.xcassets"; sourceTree = "<group>"; };
		90E4E34926FDC32F000B21E1 /* Info.plist */ = {isa = PBXFileReference; lastKnownFileType = text.plist.xml; path = Info.plist; sourceTree = "<group>"; };
		90E69A772705142700FEF567 /* TabBarView.swift */ = {isa = PBXFileReference; lastKnownFileType = sourcecode.swift; path = TabBarView.swift; sourceTree = "<group>"; };
/* End PBXFileReference section */

/* Begin PBXFrameworksBuildPhase section */
		90E4E33A26FDC32E000B21E1 /* Frameworks */ = {
			isa = PBXFrameworksBuildPhase;
			buildActionMask = 2147483647;
			files = (
			);
			runOnlyForDeploymentPostprocessing = 0;
		};
/* End PBXFrameworksBuildPhase section */

/* Begin PBXGroup section */
		905C04872709A30500690E84 /* Quote */ = {
			isa = PBXGroup;
			children = (
				905C04882709A31500690E84 /* QuoteView.swift */,
				905C048C2709A35300690E84 /* QuoteNavBarView.swift */,
			);
			name = Quote;
			sourceTree = "<group>";
		};
		90E4E33426FDC32E000B21E1 = {
			isa = PBXGroup;
			children = (
				90E4E33F26FDC32E000B21E1 /* Kopi Pagi */,
				90E4E33E26FDC32E000B21E1 /* Products */,
			);
			sourceTree = "<group>";
		};
		90E4E33E26FDC32E000B21E1 /* Products */ = {
			isa = PBXGroup;
			children = (
				90E4E33D26FDC32E000B21E1 /* Kopi Pagi.app */,
			);
			name = Products;
			sourceTree = "<group>";
		};
		90E4E33F26FDC32E000B21E1 /* Kopi Pagi */ = {
			isa = PBXGroup;
			children = (
				90E69A76270513F100FEF567 /* ViewModel */,
				90E69A75270513D700FEF567 /* View */,
				90E69A74270513CD00FEF567 /* Model */,
				90E4E34026FDC32E000B21E1 /* Kopi_PagiApp.swift */,
				90E4E34226FDC32E000B21E1 /* ContentView.swift */,
				905C048327097A2100690E84 /* GlobalConfiguration.swift */,
				90E4E34426FDC32F000B21E1 /* Assets.xcassets */,
				90E4E34926FDC32F000B21E1 /* Info.plist */,
				90E4E34626FDC32F000B21E1 /* Preview Content */,
			);
			path = "Kopi Pagi";
			sourceTree = "<group>";
		};
		90E4E34626FDC32F000B21E1 /* Preview Content */ = {
			isa = PBXGroup;
			children = (
				90E4E34726FDC32F000B21E1 /* Preview Assets.xcassets */,
			);
			path = "Preview Content";
			sourceTree = "<group>";
		};
		90E69A74270513CD00FEF567 /* Model */ = {
			isa = PBXGroup;
			children = (
				905C047D270978F900690E84 /* DataModel.xcdatamodeld */,
				905C04802709793D00690E84 /* PersistenceController.swift */,
			);
			path = Model;
			sourceTree = "<group>";
		};
		90E69A75270513D700FEF567 /* View */ = {
			isa = PBXGroup;
			children = (
				905C04872709A30500690E84 /* Quote */,
				90E69A772705142700FEF567 /* TabBarView.swift */,
				905C048527097FD700690E84 /* NavBarView.swift */,
			);
			path = View;
			sourceTree = "<group>";
		};
		90E69A76270513F100FEF567 /* ViewModel */ = {
			isa = PBXGroup;
			children = (
			);
			path = ViewModel;
			sourceTree = "<group>";
		};
/* End PBXGroup section */

/* Begin PBXNativeTarget section */
		90E4E33C26FDC32E000B21E1 /* Kopi Pagi */ = {
			isa = PBXNativeTarget;
			buildConfigurationList = 90E4E34C26FDC32F000B21E1 /* Build configuration list for PBXNativeTarget "Kopi Pagi" */;
			buildPhases = (
				90E4E33926FDC32E000B21E1 /* Sources */,
				90E4E33A26FDC32E000B21E1 /* Frameworks */,
				90E4E33B26FDC32E000B21E1 /* Resources */,
			);
			buildRules = (
			);
			dependencies = (
			);
			name = "Kopi Pagi";
			productName = "Kopi Pagi";
			productReference = 90E4E33D26FDC32E000B21E1 /* Kopi Pagi.app */;
			productType = "com.apple.product-type.application";
		};
/* End PBXNativeTarget section */

/* Begin PBXProject section */
		90E4E33526FDC32E000B21E1 /* Project object */ = {
			isa = PBXProject;
			attributes = {
				LastSwiftUpdateCheck = 1250;
				LastUpgradeCheck = 1250;
				TargetAttributes = {
					90E4E33C26FDC32E000B21E1 = {
						CreatedOnToolsVersion = 12.5.1;
					};
				};
			};
			buildConfigurationList = 90E4E33826FDC32E000B21E1 /* Build configuration list for PBXProject "Kopi Pagi" */;
			compatibilityVersion = "Xcode 9.3";
			developmentRegion = en;
			hasScannedForEncodings = 0;
			knownRegions = (
				en,
				Base,
			);
			mainGroup = 90E4E33426FDC32E000B21E1;
			productRefGroup = 90E4E33E26FDC32E000B21E1 /* Products */;
			projectDirPath = "";
			projectRoot = "";
			targets = (
				90E4E33C26FDC32E000B21E1 /* Kopi Pagi */,
			);
		};
/* End PBXProject section */

/* Begin PBXResourcesBuildPhase section */
		90E4E33B26FDC32E000B21E1 /* Resources */ = {
			isa = PBXResourcesBuildPhase;
			buildActionMask = 2147483647;
			files = (
				90E4E34826FDC32F000B21E1 /* Preview Assets.xcassets in Resources */,
				90E4E34526FDC32F000B21E1 /* Assets.xcassets in Resources */,
			);
			runOnlyForDeploymentPostprocessing = 0;
		};
/* End PBXResourcesBuildPhase section */

/* Begin PBXSourcesBuildPhase section */
		90E4E33926FDC32E000B21E1 /* Sources */ = {
			isa = PBXSourcesBuildPhase;
			buildActionMask = 2147483647;
			files = (
				90E4E34326FDC32E000B21E1 /* ContentView.swift in Sources */,
				905C048427097A2100690E84 /* GlobalConfiguration.swift in Sources */,
				905C047F270978F900690E84 /* DataModel.xcdatamodeld in Sources */,
				905C04892709A31500690E84 /* QuoteView.swift in Sources */,
				90E69A782705142700FEF567 /* TabBarView.swift in Sources */,
				905C048627097FD700690E84 /* NavBarView.swift in Sources */,
				905C048D2709A35300690E84 /* QuoteNavBarView.swift in Sources */,
				90E4E34126FDC32E000B21E1 /* Kopi_PagiApp.swift in Sources */,
				905C04812709793D00690E84 /* PersistenceController.swift in Sources */,
			);
			runOnlyForDeploymentPostprocessing = 0;
		};
/* End PBXSourcesBuildPhase section */

/* Begin XCBuildConfiguration section */
		90E4E34A26FDC32F000B21E1 /* Debug */ = {
			isa = XCBuildConfiguration;
			buildSettings = {
				ALWAYS_SEARCH_USER_PATHS = NO;
				CLANG_ANALYZER_NONNULL = YES;
				CLANG_ANALYZER_NUMBER_OBJECT_CONVERSION = YES_AGGRESSIVE;
				CLANG_CXX_LANGUAGE_STANDARD = "gnu++14";
				CLANG_CXX_LIBRARY = "libc++";
				CLANG_ENABLE_MODULES = YES;
				CLANG_ENABLE_OBJC_ARC = YES;
				CLANG_ENABLE_OBJC_WEAK = YES;
				CLANG_WARN_BLOCK_CAPTURE_AUTORELEASING = YES;
				CLANG_WARN_BOOL_CONVERSION = YES;
				CLANG_WARN_COMMA = YES;
				CLANG_WARN_CONSTANT_CONVERSION = YES;
				CLANG_WARN_DEPRECATED_OBJC_IMPLEMENTATIONS = YES;
				CLANG_WARN_DIRECT_OBJC_ISA_USAGE = YES_ERROR;
				CLANG_WARN_DOCUMENTATION_COMMENTS = YES;
				CLANG_WARN_EMPTY_BODY = YES;
				CLANG_WARN_ENUM_CONVERSION = YES;
				CLANG_WARN_INFINITE_RECURSION = YES;
				CLANG_WARN_INT_CONVERSION = YES;
				CLANG_WARN_NON_LITERAL_NULL_CONVERSION = YES;
				CLANG_WARN_OBJC_IMPLICIT_RETAIN_SELF = YES;
				CLANG_WARN_OBJC_LITERAL_CONVERSION = YES;
				CLANG_WARN_OBJC_ROOT_CLASS = YES_ERROR;
				CLANG_WARN_QUOTED_INCLUDE_IN_FRAMEWORK_HEADER = YES;
				CLANG_WARN_RANGE_LOOP_ANALYSIS = YES;
				CLANG_WARN_STRICT_PROTOTYPES = YES;
				CLANG_WARN_SUSPICIOUS_MOVE = YES;
				CLANG_WARN_UNGUARDED_AVAILABILITY = YES_AGGRESSIVE;
				CLANG_WARN_UNREACHABLE_CODE = YES;
				CLANG_WARN__DUPLICATE_METHOD_MATCH = YES;
				COPY_PHASE_STRIP = NO;
				DEBUG_INFORMATION_FORMAT = dwarf;
				ENABLE_STRICT_OBJC_MSGSEND = YES;
				ENABLE_TESTABILITY = YES;
				GCC_C_LANGUAGE_STANDARD = gnu11;
				GCC_DYNAMIC_NO_PIC = NO;
				GCC_NO_COMMON_BLOCKS = YES;
				GCC_OPTIMIZATION_LEVEL = 0;
				GCC_PREPROCESSOR_DEFINITIONS = (
					"DEBUG=1",
					"$(inherited)",
				);
				GCC_WARN_64_TO_32_BIT_CONVERSION = YES;
				GCC_WARN_ABOUT_RETURN_TYPE = YES_ERROR;
				GCC_WARN_UNDECLARED_SELECTOR = YES;
				GCC_WARN_UNINITIALIZED_AUTOS = YES_AGGRESSIVE;
				GCC_WARN_UNUSED_FUNCTION = YES;
				GCC_WARN_UNUSED_VARIABLE = YES;
				IPHONEOS_DEPLOYMENT_TARGET = 14.5;
				MTL_ENABLE_DEBUG_INFO = INCLUDE_SOURCE;
				MTL_FAST_MATH = YES;
				ONLY_ACTIVE_ARCH = YES;
				SDKROOT = iphoneos;
				SWIFT_ACTIVE_COMPILATION_CONDITIONS = DEBUG;
				SWIFT_OPTIMIZATION_LEVEL = "-Onone";
			};
			name = Debug;
		};
		90E4E34B26FDC32F000B21E1 /* Release */ = {
			isa = XCBuildConfiguration;
			buildSettings = {
				ALWAYS_SEARCH_USER_PATHS = NO;
				CLANG_ANALYZER_NONNULL = YES;
				CLANG_ANALYZER_NUMBER_OBJECT_CONVERSION = YES_AGGRESSIVE;
				CLANG_CXX_LANGUAGE_STANDARD = "gnu++14";
				CLANG_CXX_LIBRARY = "libc++";
				CLANG_ENABLE_MODULES = YES;
				CLANG_ENABLE_OBJC_ARC = YES;
				CLANG_ENABLE_OBJC_WEAK = YES;
				CLANG_WARN_BLOCK_CAPTURE_AUTORELEASING = YES;
				CLANG_WARN_BOOL_CONVERSION = YES;
				CLANG_WARN_COMMA = YES;
				CLANG_WARN_CONSTANT_CONVERSION = YES;
				CLANG_WARN_DEPRECATED_OBJC_IMPLEMENTATIONS = YES;
				CLANG_WARN_DIRECT_OBJC_ISA_USAGE = YES_ERROR;
				CLANG_WARN_DOCUMENTATION_COMMENTS = YES;
				CLANG_WARN_EMPTY_BODY = YES;
				CLANG_WARN_ENUM_CONVERSION = YES;
				CLANG_WARN_INFINITE_RECURSION = YES;
				CLANG_WARN_INT_CONVERSION = YES;
				CLANG_WARN_NON_LITERAL_NULL_CONVERSION = YES;
				CLANG_WARN_OBJC_IMPLICIT_RETAIN_SELF = YES;
				CLANG_WARN_OBJC_LITERAL_CONVERSION = YES;
				CLANG_WARN_OBJC_ROOT_CLASS = YES_ERROR;
				CLANG_WARN_QUOTED_INCLUDE_IN_FRAMEWORK_HEADER = YES;
				CLANG_WARN_RANGE_LOOP_ANALYSIS = YES;
				CLANG_WARN_STRICT_PROTOTYPES = YES;
				CLANG_WARN_SUSPICIOUS_MOVE = YES;
				CLANG_WARN_UNGUARDED_AVAILABILITY = YES_AGGRESSIVE;
				CLANG_WARN_UNREACHABLE_CODE = YES;
				CLANG_WARN__DUPLICATE_METHOD_MATCH = YES;
				COPY_PHASE_STRIP = NO;
				DEBUG_INFORMATION_FORMAT = "dwarf-with-dsym";
				ENABLE_NS_ASSERTIONS = NO;
				ENABLE_STRICT_OBJC_MSGSEND = YES;
				GCC_C_LANGUAGE_STANDARD = gnu11;
				GCC_NO_COMMON_BLOCKS = YES;
				GCC_WARN_64_TO_32_BIT_CONVERSION = YES;
				GCC_WARN_ABOUT_RETURN_TYPE = YES_ERROR;
				GCC_WARN_UNDECLARED_SELECTOR = YES;
				GCC_WARN_UNINITIALIZED_AUTOS = YES_AGGRESSIVE;
				GCC_WARN_UNUSED_FUNCTION = YES;
				GCC_WARN_UNUSED_VARIABLE = YES;
				IPHONEOS_DEPLOYMENT_TARGET = 14.5;
				MTL_ENABLE_DEBUG_INFO = NO;
				MTL_FAST_MATH = YES;
				SDKROOT = iphoneos;
				SWIFT_COMPILATION_MODE = wholemodule;
				SWIFT_OPTIMIZATION_LEVEL = "-O";
				VALIDATE_PRODUCT = YES;
			};
			name = Release;
		};
		90E4E34D26FDC32F000B21E1 /* Debug */ = {
			isa = XCBuildConfiguration;
			buildSettings = {
				ASSETCATALOG_COMPILER_APPICON_NAME = AppIcon;
				ASSETCATALOG_COMPILER_GLOBAL_ACCENT_COLOR_NAME = AccentColor;
				CODE_SIGN_STYLE = Automatic;
				DEVELOPMENT_ASSET_PATHS = "\"Kopi Pagi/Preview Content\"";
				DEVELOPMENT_TEAM = Q4FVKJHX54;
				ENABLE_PREVIEWS = YES;
				INFOPLIST_FILE = "Kopi Pagi/Info.plist";
				IPHONEOS_DEPLOYMENT_TARGET = 14.0;
				LD_RUNPATH_SEARCH_PATHS = (
					"$(inherited)",
					"@executable_path/Frameworks",
				);
				PRODUCT_BUNDLE_IDENTIFIER = "com.Kopi-Pagi";
				PRODUCT_NAME = "$(TARGET_NAME)";
				SWIFT_VERSION = 5.0;
				TARGETED_DEVICE_FAMILY = "1,2";
			};
			name = Debug;
		};
		90E4E34E26FDC32F000B21E1 /* Release */ = {
			isa = XCBuildConfiguration;
			buildSettings = {
				ASSETCATALOG_COMPILER_APPICON_NAME = AppIcon;
				ASSETCATALOG_COMPILER_GLOBAL_ACCENT_COLOR_NAME = AccentColor;
				CODE_SIGN_STYLE = Automatic;
				DEVELOPMENT_ASSET_PATHS = "\"Kopi Pagi/Preview Content\"";
				DEVELOPMENT_TEAM = Q4FVKJHX54;
				ENABLE_PREVIEWS = YES;
				INFOPLIST_FILE = "Kopi Pagi/Info.plist";
				IPHONEOS_DEPLOYMENT_TARGET = 14.0;
				LD_RUNPATH_SEARCH_PATHS = (
					"$(inherited)",
					"@executable_path/Frameworks",
				);
				PRODUCT_BUNDLE_IDENTIFIER = "com.Kopi-Pagi";
				PRODUCT_NAME = "$(TARGET_NAME)";
				SWIFT_VERSION = 5.0;
				TARGETED_DEVICE_FAMILY = "1,2";
			};
			name = Release;
		};
/* End XCBuildConfiguration section */

/* Begin XCConfigurationList section */
		90E4E33826FDC32E000B21E1 /* Build configuration list for PBXProject "Kopi Pagi" */ = {
			isa = XCConfigurationList;
			buildConfigurations = (
				90E4E34A26FDC32F000B21E1 /* Debug */,
				90E4E34B26FDC32F000B21E1 /* Release */,
			);
			defaultConfigurationIsVisible = 0;
			defaultConfigurationName = Release;
		};
		90E4E34C26FDC32F000B21E1 /* Build configuration list for PBXNativeTarget "Kopi Pagi" */ = {
			isa = XCConfigurationList;
			buildConfigurations = (
				90E4E34D26FDC32F000B21E1 /* Debug */,
				90E4E34E26FDC32F000B21E1 /* Release */,
			);
			defaultConfigurationIsVisible = 0;
			defaultConfigurationName = Release;
		};
/* End XCConfigurationList section */

/* Begin XCVersionGroup section */
		905C047D270978F900690E84 /* DataModel.xcdatamodeld */ = {
			isa = XCVersionGroup;
			children = (
				905C047E270978F900690E84 /* DataModel.xcdatamodel */,
			);
			currentVersion = 905C047E270978F900690E84 /* DataModel.xcdatamodel */;
			path = DataModel.xcdatamodeld;
			sourceTree = "<group>";
			versionGroupType = wrapper.xcdatamodel;
		};
/* End XCVersionGroup section */
	};
	rootObject = 90E4E33526FDC32E000B21E1 /* Project object */;
}
